// !$*UTF8*$!
{
	archiveVersion = 1;
	classes = {
	};
	objectVersion = 55;
	objects = {

/* Begin PBXBuildFile section */
		F740467427C8F7BF00AFF3FD /* DetailsViewModel.swift in Sources */ = {isa = PBXBuildFile; fileRef = F740467327C8F7BF00AFF3FD /* DetailsViewModel.swift */; };
		F740467727C8FE8000AFF3FD /* ResultCell.swift in Sources */ = {isa = PBXBuildFile; fileRef = F740467627C8FE8000AFF3FD /* ResultCell.swift */; };
		F7F4FA2F27C7687700EF9022 /* AppDelegate.swift in Sources */ = {isa = PBXBuildFile; fileRef = F7F4FA2E27C7687700EF9022 /* AppDelegate.swift */; };
		F7F4FA3127C7687700EF9022 /* SceneDelegate.swift in Sources */ = {isa = PBXBuildFile; fileRef = F7F4FA3027C7687700EF9022 /* SceneDelegate.swift */; };
		F7F4FA3327C7687700EF9022 /* InputViewController.swift in Sources */ = {isa = PBXBuildFile; fileRef = F7F4FA3227C7687700EF9022 /* InputViewController.swift */; };
		F7F4FA3627C7687700EF9022 /* Main.storyboard in Resources */ = {isa = PBXBuildFile; fileRef = F7F4FA3427C7687700EF9022 /* Main.storyboard */; };
		F7F4FA3827C7687A00EF9022 /* Assets.xcassets in Resources */ = {isa = PBXBuildFile; fileRef = F7F4FA3727C7687A00EF9022 /* Assets.xcassets */; };
		F7F4FA3B27C7687A00EF9022 /* LaunchScreen.storyboard in Resources */ = {isa = PBXBuildFile; fileRef = F7F4FA3927C7687A00EF9022 /* LaunchScreen.storyboard */; };
		F7F4FA4427C769FC00EF9022 /* InputViewModel.swift in Sources */ = {isa = PBXBuildFile; fileRef = F7F4FA4327C769FC00EF9022 /* InputViewModel.swift */; };
		F7F4FA4827C76B0D00EF9022 /* EndPoint.swift in Sources */ = {isa = PBXBuildFile; fileRef = F7F4FA4727C76B0D00EF9022 /* EndPoint.swift */; };
		F7F4FA4A27C781E700EF9022 /* QueryFactory.swift in Sources */ = {isa = PBXBuildFile; fileRef = F7F4FA4927C781E700EF9022 /* QueryFactory.swift */; };
		F7F4FA4D27C7893800EF9022 /* Constants.swift in Sources */ = {isa = PBXBuildFile; fileRef = F7F4FA4C27C7893800EF9022 /* Constants.swift */; };
		F7F4FA4F27C7918800EF9022 /* RequestFactory.swift in Sources */ = {isa = PBXBuildFile; fileRef = F7F4FA4E27C7918800EF9022 /* RequestFactory.swift */; };
		F7F4FA5127C7933600EF9022 /* NetworkService.swift in Sources */ = {isa = PBXBuildFile; fileRef = F7F4FA5027C7933600EF9022 /* NetworkService.swift */; };
		F7F4FA5427C797FB00EF9022 /* ResponseModel.swift in Sources */ = {isa = PBXBuildFile; fileRef = F7F4FA5327C797FB00EF9022 /* ResponseModel.swift */; };
		F7F4FA5627C7B79000EF9022 /* UIElementsFactory.swift in Sources */ = {isa = PBXBuildFile; fileRef = F7F4FA5527C7B79000EF9022 /* UIElementsFactory.swift */; };
		F7F4FA5827C8A94100EF9022 /* Box.swift in Sources */ = {isa = PBXBuildFile; fileRef = F7F4FA5727C8A94100EF9022 /* Box.swift */; };
		F7F4FA5D27C8E7B800EF9022 /* DetailsViewController.swift in Sources */ = {isa = PBXBuildFile; fileRef = F7F4FA5C27C8E7B800EF9022 /* DetailsViewController.swift */; };
/* End PBXBuildFile section */

/* Begin PBXFileReference section */
		F740467327C8F7BF00AFF3FD /* DetailsViewModel.swift */ = {isa = PBXFileReference; lastKnownFileType = sourcecode.swift; path = DetailsViewModel.swift; sourceTree = "<group>"; };
		F740467627C8FE8000AFF3FD /* ResultCell.swift */ = {isa = PBXFileReference; lastKnownFileType = sourcecode.swift; path = ResultCell.swift; sourceTree = "<group>"; };
		F7F4FA2B27C7687700EF9022 /* CheckYourDebt.app */ = {isa = PBXFileReference; explicitFileType = wrapper.application; includeInIndex = 0; path = CheckYourDebt.app; sourceTree = BUILT_PRODUCTS_DIR; };
		F7F4FA2E27C7687700EF9022 /* AppDelegate.swift */ = {isa = PBXFileReference; lastKnownFileType = sourcecode.swift; path = AppDelegate.swift; sourceTree = "<group>"; };
		F7F4FA3027C7687700EF9022 /* SceneDelegate.swift */ = {isa = PBXFileReference; lastKnownFileType = sourcecode.swift; path = SceneDelegate.swift; sourceTree = "<group>"; };
		F7F4FA3227C7687700EF9022 /* InputViewController.swift */ = {isa = PBXFileReference; lastKnownFileType = sourcecode.swift; path = InputViewController.swift; sourceTree = "<group>"; };
		F7F4FA3527C7687700EF9022 /* Base */ = {isa = PBXFileReference; lastKnownFileType = file.storyboard; name = Base; path = Base.lproj/Main.storyboard; sourceTree = "<group>"; };
		F7F4FA3727C7687A00EF9022 /* Assets.xcassets */ = {isa = PBXFileReference; lastKnownFileType = folder.assetcatalog; path = Assets.xcassets; sourceTree = "<group>"; };
		F7F4FA3A27C7687A00EF9022 /* Base */ = {isa = PBXFileReference; lastKnownFileType = file.storyboard; name = Base; path = Base.lproj/LaunchScreen.storyboard; sourceTree = "<group>"; };
		F7F4FA3C27C7687A00EF9022 /* Info.plist */ = {isa = PBXFileReference; lastKnownFileType = text.plist.xml; path = Info.plist; sourceTree = "<group>"; };
		F7F4FA4327C769FC00EF9022 /* InputViewModel.swift */ = {isa = PBXFileReference; lastKnownFileType = sourcecode.swift; path = InputViewModel.swift; sourceTree = "<group>"; };
		F7F4FA4727C76B0D00EF9022 /* EndPoint.swift */ = {isa = PBXFileReference; lastKnownFileType = sourcecode.swift; path = EndPoint.swift; sourceTree = "<group>"; };
		F7F4FA4927C781E700EF9022 /* QueryFactory.swift */ = {isa = PBXFileReference; lastKnownFileType = sourcecode.swift; path = QueryFactory.swift; sourceTree = "<group>"; };
		F7F4FA4C27C7893800EF9022 /* Constants.swift */ = {isa = PBXFileReference; lastKnownFileType = sourcecode.swift; path = Constants.swift; sourceTree = "<group>"; };
		F7F4FA4E27C7918800EF9022 /* RequestFactory.swift */ = {isa = PBXFileReference; lastKnownFileType = sourcecode.swift; path = RequestFactory.swift; sourceTree = "<group>"; };
		F7F4FA5027C7933600EF9022 /* NetworkService.swift */ = {isa = PBXFileReference; lastKnownFileType = sourcecode.swift; path = NetworkService.swift; sourceTree = "<group>"; };
		F7F4FA5327C797FB00EF9022 /* ResponseModel.swift */ = {isa = PBXFileReference; lastKnownFileType = sourcecode.swift; path = ResponseModel.swift; sourceTree = "<group>"; };
		F7F4FA5527C7B79000EF9022 /* UIElementsFactory.swift */ = {isa = PBXFileReference; lastKnownFileType = sourcecode.swift; path = UIElementsFactory.swift; sourceTree = "<group>"; };
		F7F4FA5727C8A94100EF9022 /* Box.swift */ = {isa = PBXFileReference; lastKnownFileType = sourcecode.swift; path = Box.swift; sourceTree = "<group>"; };
		F7F4FA5C27C8E7B800EF9022 /* DetailsViewController.swift */ = {isa = PBXFileReference; lastKnownFileType = sourcecode.swift; path = DetailsViewController.swift; sourceTree = "<group>"; };
/* End PBXFileReference section */

/* Begin PBXFrameworksBuildPhase section */
		F7F4FA2827C7687700EF9022 /* Frameworks */ = {
			isa = PBXFrameworksBuildPhase;
			buildActionMask = 2147483647;
			files = (
			);
			runOnlyForDeploymentPostprocessing = 0;
		};
/* End PBXFrameworksBuildPhase section */

/* Begin PBXGroup section */
		F740467527C8FE5900AFF3FD /* Views */ = {
			isa = PBXGroup;
			children = (
				F740467627C8FE8000AFF3FD /* ResultCell.swift */,
			);
			path = Views;
			sourceTree = "<group>";
		};
		F7F4FA2227C7687700EF9022 = {
			isa = PBXGroup;
			children = (
				F7F4FA2D27C7687700EF9022 /* CheckYourDebt */,
				F7F4FA2C27C7687700EF9022 /* Products */,
			);
			sourceTree = "<group>";
		};
		F7F4FA2C27C7687700EF9022 /* Products */ = {
			isa = PBXGroup;
			children = (
				F7F4FA2B27C7687700EF9022 /* CheckYourDebt.app */,
			);
			name = Products;
			sourceTree = "<group>";
		};
		F7F4FA2D27C7687700EF9022 /* CheckYourDebt */ = {
			isa = PBXGroup;
			children = (
				F7F4FA2E27C7687700EF9022 /* AppDelegate.swift */,
				F7F4FA3027C7687700EF9022 /* SceneDelegate.swift */,
				F740467527C8FE5900AFF3FD /* Views */,
				F7F4FA5227C797B800EF9022 /* Models */,
				F7F4FA4B27C7892500EF9022 /* Utilities */,
				F7F4FA4627C76AF200EF9022 /* Networking */,
				F7F4FA4527C76A0000EF9022 /* ViewModels */,
				F7F4FA4227C769E400EF9022 /* ViewControllers */,
				F7F4FA3427C7687700EF9022 /* Main.storyboard */,
				F7F4FA3727C7687A00EF9022 /* Assets.xcassets */,
				F7F4FA3927C7687A00EF9022 /* LaunchScreen.storyboard */,
				F7F4FA3C27C7687A00EF9022 /* Info.plist */,
			);
			path = CheckYourDebt;
			sourceTree = "<group>";
		};
		F7F4FA4227C769E400EF9022 /* ViewControllers */ = {
			isa = PBXGroup;
			children = (
				F7F4FA3227C7687700EF9022 /* InputViewController.swift */,
				F7F4FA5C27C8E7B800EF9022 /* DetailsViewController.swift */,
			);
			path = ViewControllers;
			sourceTree = "<group>";
		};
		F7F4FA4527C76A0000EF9022 /* ViewModels */ = {
			isa = PBXGroup;
			children = (
				F7F4FA4327C769FC00EF9022 /* InputViewModel.swift */,
				F740467327C8F7BF00AFF3FD /* DetailsViewModel.swift */,
			);
			path = ViewModels;
			sourceTree = "<group>";
		};
		F7F4FA4627C76AF200EF9022 /* Networking */ = {
			isa = PBXGroup;
			children = (
				F7F4FA4727C76B0D00EF9022 /* EndPoint.swift */,
				F7F4FA4927C781E700EF9022 /* QueryFactory.swift */,
				F7F4FA4E27C7918800EF9022 /* RequestFactory.swift */,
				F7F4FA5027C7933600EF9022 /* NetworkService.swift */,
			);
			path = Networking;
			sourceTree = "<group>";
		};
		F7F4FA4B27C7892500EF9022 /* Utilities */ = {
			isa = PBXGroup;
			children = (
				F7F4FA4C27C7893800EF9022 /* Constants.swift */,
				F7F4FA5527C7B79000EF9022 /* UIElementsFactory.swift */,
				F7F4FA5727C8A94100EF9022 /* Box.swift */,
			);
			path = Utilities;
			sourceTree = "<group>";
		};
		F7F4FA5227C797B800EF9022 /* Models */ = {
			isa = PBXGroup;
			children = (
				F7F4FA5327C797FB00EF9022 /* ResponseModel.swift */,
			);
			path = Models;
			sourceTree = "<group>";
		};
/* End PBXGroup section */

/* Begin PBXNativeTarget section */
		F7F4FA2A27C7687700EF9022 /* CheckYourDebt */ = {
			isa = PBXNativeTarget;
			buildConfigurationList = F7F4FA3F27C7687A00EF9022 /* Build configuration list for PBXNativeTarget "CheckYourDebt" */;
			buildPhases = (
				F7F4FA2727C7687700EF9022 /* Sources */,
				F7F4FA2827C7687700EF9022 /* Frameworks */,
				F7F4FA2927C7687700EF9022 /* Resources */,
			);
			buildRules = (
			);
			dependencies = (
			);
			name = CheckYourDebt;
			productName = CheckYourDebt;
			productReference = F7F4FA2B27C7687700EF9022 /* CheckYourDebt.app */;
			productType = "com.apple.product-type.application";
		};
/* End PBXNativeTarget section */

/* Begin PBXProject section */
		F7F4FA2327C7687700EF9022 /* Project object */ = {
			isa = PBXProject;
			attributes = {
				BuildIndependentTargetsInParallel = 1;
				LastSwiftUpdateCheck = 1300;
				LastUpgradeCheck = 1300;
				TargetAttributes = {
					F7F4FA2A27C7687700EF9022 = {
						CreatedOnToolsVersion = 13.0;
					};
				};
			};
			buildConfigurationList = F7F4FA2627C7687700EF9022 /* Build configuration list for PBXProject "CheckYourDebt" */;
			compatibilityVersion = "Xcode 13.0";
			developmentRegion = en;
			hasScannedForEncodings = 0;
			knownRegions = (
				en,
				Base,
			);
			mainGroup = F7F4FA2227C7687700EF9022;
			productRefGroup = F7F4FA2C27C7687700EF9022 /* Products */;
			projectDirPath = "";
			projectRoot = "";
			targets = (
				F7F4FA2A27C7687700EF9022 /* CheckYourDebt */,
			);
		};
/* End PBXProject section */

/* Begin PBXResourcesBuildPhase section */
		F7F4FA2927C7687700EF9022 /* Resources */ = {
			isa = PBXResourcesBuildPhase;
			buildActionMask = 2147483647;
			files = (
				F7F4FA3B27C7687A00EF9022 /* LaunchScreen.storyboard in Resources */,
				F7F4FA3827C7687A00EF9022 /* Assets.xcassets in Resources */,
				F7F4FA3627C7687700EF9022 /* Main.storyboard in Resources */,
			);
			runOnlyForDeploymentPostprocessing = 0;
		};
/* End PBXResourcesBuildPhase section */

/* Begin PBXSourcesBuildPhase section */
		F7F4FA2727C7687700EF9022 /* Sources */ = {
			isa = PBXSourcesBuildPhase;
			buildActionMask = 2147483647;
			files = (
				F7F4FA3327C7687700EF9022 /* InputViewController.swift in Sources */,
				F7F4FA2F27C7687700EF9022 /* AppDelegate.swift in Sources */,
				F7F4FA4827C76B0D00EF9022 /* EndPoint.swift in Sources */,
				F7F4FA3127C7687700EF9022 /* SceneDelegate.swift in Sources */,
				F7F4FA5127C7933600EF9022 /* NetworkService.swift in Sources */,
				F7F4FA4D27C7893800EF9022 /* Constants.swift in Sources */,
				F7F4FA4427C769FC00EF9022 /* InputViewModel.swift in Sources */,
				F7F4FA5627C7B79000EF9022 /* UIElementsFactory.swift in Sources */,
				F740467727C8FE8000AFF3FD /* ResultCell.swift in Sources */,
				F7F4FA4F27C7918800EF9022 /* RequestFactory.swift in Sources */,
				F7F4FA5827C8A94100EF9022 /* Box.swift in Sources */,
				F7F4FA5D27C8E7B800EF9022 /* DetailsViewController.swift in Sources */,
				F740467427C8F7BF00AFF3FD /* DetailsViewModel.swift in Sources */,
				F7F4FA5427C797FB00EF9022 /* ResponseModel.swift in Sources */,
				F7F4FA4A27C781E700EF9022 /* QueryFactory.swift in Sources */,
			);
			runOnlyForDeploymentPostprocessing = 0;
		};
/* End PBXSourcesBuildPhase section */

/* Begin PBXVariantGroup section */
		F7F4FA3427C7687700EF9022 /* Main.storyboard */ = {
			isa = PBXVariantGroup;
			children = (
				F7F4FA3527C7687700EF9022 /* Base */,
			);
			name = Main.storyboard;
			sourceTree = "<group>";
		};
		F7F4FA3927C7687A00EF9022 /* LaunchScreen.storyboard */ = {
			isa = PBXVariantGroup;
			children = (
				F7F4FA3A27C7687A00EF9022 /* Base */,
			);
			name = LaunchScreen.storyboard;
			sourceTree = "<group>";
		};
/* End PBXVariantGroup section */

/* Begin XCBuildConfiguration section */
		F7F4FA3D27C7687A00EF9022 /* Debug */ = {
			isa = XCBuildConfiguration;
			buildSettings = {
				ALWAYS_SEARCH_USER_PATHS = NO;
				CLANG_ANALYZER_NONNULL = YES;
				CLANG_ANALYZER_NUMBER_OBJECT_CONVERSION = YES_AGGRESSIVE;
				CLANG_CXX_LANGUAGE_STANDARD = "gnu++17";
				CLANG_CXX_LIBRARY = "libc++";
				CLANG_ENABLE_MODULES = YES;
				CLANG_ENABLE_OBJC_ARC = YES;
				CLANG_ENABLE_OBJC_WEAK = YES;
				CLANG_WARN_BLOCK_CAPTURE_AUTORELEASING = YES;
				CLANG_WARN_BOOL_CONVERSION = YES;
				CLANG_WARN_COMMA = YES;
				CLANG_WARN_CONSTANT_CONVERSION = YES;
				CLANG_WARN_DEPRECATED_OBJC_IMPLEMENTATIONS = YES;
				CLANG_WARN_DIRECT_OBJC_ISA_USAGE = YES_ERROR;
				CLANG_WARN_DOCUMENTATION_COMMENTS = YES;
				CLANG_WARN_EMPTY_BODY = YES;
				CLANG_WARN_ENUM_CONVERSION = YES;
				CLANG_WARN_INFINITE_RECURSION = YES;
				CLANG_WARN_INT_CONVERSION = YES;
				CLANG_WARN_NON_LITERAL_NULL_CONVERSION = YES;
				CLANG_WARN_OBJC_IMPLICIT_RETAIN_SELF = YES;
				CLANG_WARN_OBJC_LITERAL_CONVERSION = YES;
				CLANG_WARN_OBJC_ROOT_CLASS = YES_ERROR;
				CLANG_WARN_QUOTED_INCLUDE_IN_FRAMEWORK_HEADER = YES;
				CLANG_WARN_RANGE_LOOP_ANALYSIS = YES;
				CLANG_WARN_STRICT_PROTOTYPES = YES;
				CLANG_WARN_SUSPICIOUS_MOVE = YES;
				CLANG_WARN_UNGUARDED_AVAILABILITY = YES_AGGRESSIVE;
				CLANG_WARN_UNREACHABLE_CODE = YES;
				CLANG_WARN__DUPLICATE_METHOD_MATCH = YES;
				COPY_PHASE_STRIP = NO;
				DEBUG_INFORMATION_FORMAT = dwarf;
				ENABLE_STRICT_OBJC_MSGSEND = YES;
				ENABLE_TESTABILITY = YES;
				GCC_C_LANGUAGE_STANDARD = gnu11;
				GCC_DYNAMIC_NO_PIC = NO;
				GCC_NO_COMMON_BLOCKS = YES;
				GCC_OPTIMIZATION_LEVEL = 0;
				GCC_PREPROCESSOR_DEFINITIONS = (
					"DEBUG=1",
					"$(inherited)",
				);
				GCC_WARN_64_TO_32_BIT_CONVERSION = YES;
				GCC_WARN_ABOUT_RETURN_TYPE = YES_ERROR;
				GCC_WARN_UNDECLARED_SELECTOR = YES;
				GCC_WARN_UNINITIALIZED_AUTOS = YES_AGGRESSIVE;
				GCC_WARN_UNUSED_FUNCTION = YES;
				GCC_WARN_UNUSED_VARIABLE = YES;
				IPHONEOS_DEPLOYMENT_TARGET = 15.0;
				MTL_ENABLE_DEBUG_INFO = INCLUDE_SOURCE;
				MTL_FAST_MATH = YES;
				ONLY_ACTIVE_ARCH = YES;
				SDKROOT = iphoneos;
				SWIFT_ACTIVE_COMPILATION_CONDITIONS = DEBUG;
				SWIFT_OPTIMIZATION_LEVEL = "-Onone";
			};
			name = Debug;
		};
		F7F4FA3E27C7687A00EF9022 /* Release */ = {
			isa = XCBuildConfiguration;
			buildSettings = {
				ALWAYS_SEARCH_USER_PATHS = NO;
				CLANG_ANALYZER_NONNULL = YES;
				CLANG_ANALYZER_NUMBER_OBJECT_CONVERSION = YES_AGGRESSIVE;
				CLANG_CXX_LANGUAGE_STANDARD = "gnu++17";
				CLANG_CXX_LIBRARY = "libc++";
				CLANG_ENABLE_MODULES = YES;
				CLANG_ENABLE_OBJC_ARC = YES;
				CLANG_ENABLE_OBJC_WEAK = YES;
				CLANG_WARN_BLOCK_CAPTURE_AUTORELEASING = YES;
				CLANG_WARN_BOOL_CONVERSION = YES;
				CLANG_WARN_COMMA = YES;
				CLANG_WARN_CONSTANT_CONVERSION = YES;
				CLANG_WARN_DEPRECATED_OBJC_IMPLEMENTATIONS = YES;
				CLANG_WARN_DIRECT_OBJC_ISA_USAGE = YES_ERROR;
				CLANG_WARN_DOCUMENTATION_COMMENTS = YES;
				CLANG_WARN_EMPTY_BODY = YES;
				CLANG_WARN_ENUM_CONVERSION = YES;
				CLANG_WARN_INFINITE_RECURSION = YES;
				CLANG_WARN_INT_CONVERSION = YES;
				CLANG_WARN_NON_LITERAL_NULL_CONVERSION = YES;
				CLANG_WARN_OBJC_IMPLICIT_RETAIN_SELF = YES;
				CLANG_WARN_OBJC_LITERAL_CONVERSION = YES;
				CLANG_WARN_OBJC_ROOT_CLASS = YES_ERROR;
				CLANG_WARN_QUOTED_INCLUDE_IN_FRAMEWORK_HEADER = YES;
				CLANG_WARN_RANGE_LOOP_ANALYSIS = YES;
				CLANG_WARN_STRICT_PROTOTYPES = YES;
				CLANG_WARN_SUSPICIOUS_MOVE = YES;
				CLANG_WARN_UNGUARDED_AVAILABILITY = YES_AGGRESSIVE;
				CLANG_WARN_UNREACHABLE_CODE = YES;
				CLANG_WARN__DUPLICATE_METHOD_MATCH = YES;
				COPY_PHASE_STRIP = NO;
				DEBUG_INFORMATION_FORMAT = "dwarf-with-dsym";
				ENABLE_NS_ASSERTIONS = NO;
				ENABLE_STRICT_OBJC_MSGSEND = YES;
				GCC_C_LANGUAGE_STANDARD = gnu11;
				GCC_NO_COMMON_BLOCKS = YES;
				GCC_WARN_64_TO_32_BIT_CONVERSION = YES;
				GCC_WARN_ABOUT_RETURN_TYPE = YES_ERROR;
				GCC_WARN_UNDECLARED_SELECTOR = YES;
				GCC_WARN_UNINITIALIZED_AUTOS = YES_AGGRESSIVE;
				GCC_WARN_UNUSED_FUNCTION = YES;
				GCC_WARN_UNUSED_VARIABLE = YES;
				IPHONEOS_DEPLOYMENT_TARGET = 15.0;
				MTL_ENABLE_DEBUG_INFO = NO;
				MTL_FAST_MATH = YES;
				SDKROOT = iphoneos;
				SWIFT_COMPILATION_MODE = wholemodule;
				SWIFT_OPTIMIZATION_LEVEL = "-O";
				VALIDATE_PRODUCT = YES;
			};
			name = Release;
		};
		F7F4FA4027C7687A00EF9022 /* Debug */ = {
			isa = XCBuildConfiguration;
			buildSettings = {
				ASSETCATALOG_COMPILER_APPICON_NAME = AppIcon;
				ASSETCATALOG_COMPILER_GLOBAL_ACCENT_COLOR_NAME = AccentColor;
				CODE_SIGN_STYLE = Automatic;
				CURRENT_PROJECT_VERSION = 1;
				DEVELOPMENT_TEAM = TB5VXYZS9X;
				GENERATE_INFOPLIST_FILE = YES;
				INFOPLIST_FILE = CheckYourDebt/Info.plist;
				INFOPLIST_KEY_UIApplicationSupportsIndirectInputEvents = YES;
				INFOPLIST_KEY_UILaunchStoryboardName = LaunchScreen;
				INFOPLIST_KEY_UIMainStoryboardFile = Main;
				INFOPLIST_KEY_UISupportedInterfaceOrientations = UIInterfaceOrientationPortrait;
				INFOPLIST_KEY_UISupportedInterfaceOrientations_iPad = "UIInterfaceOrientationPortrait UIInterfaceOrientationPortraitUpsideDown UIInterfaceOrientationLandscapeLeft UIInterfaceOrientationLandscapeRight";
				INFOPLIST_KEY_UISupportedInterfaceOrientations_iPhone = "UIInterfaceOrientationPortrait UIInterfaceOrientationLandscapeLeft UIInterfaceOrientationLandscapeRight";
				LD_RUNPATH_SEARCH_PATHS = (
					"$(inherited)",
					"@executable_path/Frameworks",
				);
				MARKETING_VERSION = 1.0;
				PRODUCT_BUNDLE_IDENTIFIER = com.learnSwift.CheckYourDebt;
				PRODUCT_NAME = "$(TARGET_NAME)";
				SWIFT_EMIT_LOC_STRINGS = YES;
				SWIFT_VERSION = 5.0;
				TARGETED_DEVICE_FAMILY = 1;
			};
			name = Debug;
		};
		F7F4FA4127C7687A00EF9022 /* Release */ = {
			isa = XCBuildConfiguration;
			buildSettings = {
				ASSETCATALOG_COMPILER_APPICON_NAME = AppIcon;
				ASSETCATALOG_COMPILER_GLOBAL_ACCENT_COLOR_NAME = AccentColor;
				CODE_SIGN_STYLE = Automatic;
				CURRENT_PROJECT_VERSION = 1;
				DEVELOPMENT_TEAM = TB5VXYZS9X;
				GENERATE_INFOPLIST_FILE = YES;
				INFOPLIST_FILE = CheckYourDebt/Info.plist;
				INFOPLIST_KEY_UIApplicationSupportsIndirectInputEvents = YES;
				INFOPLIST_KEY_UILaunchStoryboardName = LaunchScreen;
				INFOPLIST_KEY_UIMainStoryboardFile = Main;
				INFOPLIST_KEY_UISupportedInterfaceOrientations = UIInterfaceOrientationPortrait;
				INFOPLIST_KEY_UISupportedInterfaceOrientations_iPad = "UIInterfaceOrientationPortrait UIInterfaceOrientationPortraitUpsideDown UIInterfaceOrientationLandscapeLeft UIInterfaceOrientationLandscapeRight";
				INFOPLIST_KEY_UISupportedInterfaceOrientations_iPhone = "UIInterfaceOrientationPortrait UIInterfaceOrientationLandscapeLeft UIInterfaceOrientationLandscapeRight";
				LD_RUNPATH_SEARCH_PATHS = (
					"$(inherited)",
					"@executable_path/Frameworks",
				);
				MARKETING_VERSION = 1.0;
				PRODUCT_BUNDLE_IDENTIFIER = com.learnSwift.CheckYourDebt;
				PRODUCT_NAME = "$(TARGET_NAME)";
				SWIFT_EMIT_LOC_STRINGS = YES;
				SWIFT_VERSION = 5.0;
				TARGETED_DEVICE_FAMILY = 1;
			};
			name = Release;
		};
/* End XCBuildConfiguration section */

/* Begin XCConfigurationList section */
		F7F4FA2627C7687700EF9022 /* Build configuration list for PBXProject "CheckYourDebt" */ = {
			isa = XCConfigurationList;
			buildConfigurations = (
				F7F4FA3D27C7687A00EF9022 /* Debug */,
				F7F4FA3E27C7687A00EF9022 /* Release */,
			);
			defaultConfigurationIsVisible = 0;
			defaultConfigurationName = Release;
		};
		F7F4FA3F27C7687A00EF9022 /* Build configuration list for PBXNativeTarget "CheckYourDebt" */ = {
			isa = XCConfigurationList;
			buildConfigurations = (
				F7F4FA4027C7687A00EF9022 /* Debug */,
				F7F4FA4127C7687A00EF9022 /* Release */,
			);
			defaultConfigurationIsVisible = 0;
			defaultConfigurationName = Release;
		};
/* End XCConfigurationList section */
	};
	rootObject = F7F4FA2327C7687700EF9022 /* Project object */;
}
